
Microsoft Visual Studio Solution File, Format Version 12.00
# Visual Studio Version 16
VisualStudioVersion = 16.0.30804.86
MinimumVisualStudioVersion = 10.0.40219.1
Project("{FAE04EC0-301F-11D3-BF4B-00C04F79EFBC}") = "InternshipWebApp", "InternshipWebApp\InternshipWebApp.csproj", "{3EC233AF-846A-4AD1-8470-C57B29A13D59}"
EndProject
Global
	GlobalSection(SolutionConfigurationPlatforms) = preSolution
		Debug|Any CPU = Debug|Any CPU
		Release|Any CPU = Release|Any CPU
	EndGlobalSection
	GlobalSection(ProjectConfigurationPlatforms) = postSolution
		{3EC233AF-846A-4AD1-8470-C57B29A13D59}.Debug|Any CPU.ActiveCfg = Debug|Any CPU
		{3EC233AF-846A-4AD1-8470-C57B29A13D59}.Debug|Any CPU.Build.0 = Debug|Any CPU
		{3EC233AF-846A-4AD1-8470-C57B29A13D59}.Release|Any CPU.ActiveCfg = Release|Any CPU
		{3EC233AF-846A-4AD1-8470-C57B29A13D59}.Release|Any CPU.Build.0 = Release|Any CPU
	EndGlobalSection
	GlobalSection(SolutionProperties) = preSolution
		HideSolutionNode = FALSE
	EndGlobalSection
	GlobalSection(ExtensibilityGlobals) = postSolution
		SolutionGuid = {A42528D3-8F5B-4A1C-A61D-BA907F6ECCF0}
	EndGlobalSection
EndGlobal
